
Microsoft Visual Studio Solution File, Format Version 12.00
# Visual Studio 15
VisualStudioVersion = 15.0.27004.2005
MinimumVisualStudioVersion = 10.0.40219.1
Project("{FAE04EC0-301F-11D3-BF4B-00C04F79EFBC}") = "AspNetMvcWebApplicationGenerator.Configuration", "AspNetMvcWebApplicationGenerator.Configuration\AspNetMvcWebApplicationGenerator.Configuration.csproj", "{EE55FB45-ABD2-4D68-936B-ABCCDBD23312}"
EndProject
Project("{FAE04EC0-301F-11D3-BF4B-00C04F79EFBC}") = "AspNetMvcWebApplicationGenerator.Instance", "AspNetMvcWebApplicationGenerator.Instantiate\AspNetMvcWebApplicationGenerator.Instance.csproj", "{75659108-D832-402D-933D-CF13B905B0AB}"
EndProject
Project("{FAE04EC0-301F-11D3-BF4B-00C04F79EFBC}") = "AspNetMvcWebApplicationGenerator.Generators", "AspNetMvcWebApplicationGenerator.Generators\AspNetMvcWebApplicationGenerator.Generators.csproj", "{BA81F411-AC4A-411C-8A38-1C506457FC0C}"
EndProject
Project("{FAE04EC0-301F-11D3-BF4B-00C04F79EFBC}") = "AspNetMvcWebApplicationGenerator.Program", "AspNetMvcWebApplicationGenerator.Program\AspNetMvcWebApplicationGenerator.Program.csproj", "{FC26514C-A7E7-4F6A-A097-BFCF8E78E14E}"
EndProject
Global
	GlobalSection(SolutionConfigurationPlatforms) = preSolution
		Debug|Any CPU = Debug|Any CPU
		Release|Any CPU = Release|Any CPU
	EndGlobalSection
	GlobalSection(ProjectConfigurationPlatforms) = postSolution
		{EE55FB45-ABD2-4D68-936B-ABCCDBD23312}.Debug|Any CPU.ActiveCfg = Debug|Any CPU
		{EE55FB45-ABD2-4D68-936B-ABCCDBD23312}.Debug|Any CPU.Build.0 = Debug|Any CPU
		{EE55FB45-ABD2-4D68-936B-ABCCDBD23312}.Release|Any CPU.ActiveCfg = Release|Any CPU
		{EE55FB45-ABD2-4D68-936B-ABCCDBD23312}.Release|Any CPU.Build.0 = Release|Any CPU
		{75659108-D832-402D-933D-CF13B905B0AB}.Debug|Any CPU.ActiveCfg = Debug|Any CPU
		{75659108-D832-402D-933D-CF13B905B0AB}.Debug|Any CPU.Build.0 = Debug|Any CPU
		{75659108-D832-402D-933D-CF13B905B0AB}.Release|Any CPU.ActiveCfg = Release|Any CPU
		{75659108-D832-402D-933D-CF13B905B0AB}.Release|Any CPU.Build.0 = Release|Any CPU
		{BA81F411-AC4A-411C-8A38-1C506457FC0C}.Debug|Any CPU.ActiveCfg = Debug|Any CPU
		{BA81F411-AC4A-411C-8A38-1C506457FC0C}.Debug|Any CPU.Build.0 = Debug|Any CPU
		{BA81F411-AC4A-411C-8A38-1C506457FC0C}.Release|Any CPU.ActiveCfg = Release|Any CPU
		{BA81F411-AC4A-411C-8A38-1C506457FC0C}.Release|Any CPU.Build.0 = Release|Any CPU
		{FC26514C-A7E7-4F6A-A097-BFCF8E78E14E}.Debug|Any CPU.ActiveCfg = Debug|Any CPU
		{FC26514C-A7E7-4F6A-A097-BFCF8E78E14E}.Debug|Any CPU.Build.0 = Debug|Any CPU
		{FC26514C-A7E7-4F6A-A097-BFCF8E78E14E}.Release|Any CPU.ActiveCfg = Release|Any CPU
		{FC26514C-A7E7-4F6A-A097-BFCF8E78E14E}.Release|Any CPU.Build.0 = Release|Any CPU
	EndGlobalSection
	GlobalSection(SolutionProperties) = preSolution
		HideSolutionNode = FALSE
	EndGlobalSection
	GlobalSection(ExtensibilityGlobals) = postSolution
		SolutionGuid = {30210D04-884E-4B79-ADAA-6998C63EB5FC}
	EndGlobalSection
EndGlobal
