
Microsoft Visual Studio Solution File, Format Version 12.00
# Visual Studio 15
VisualStudioVersion = 15.0.27004.2005
MinimumVisualStudioVersion = 10.0.40219.1
Project("{FAE04EC0-301F-11D3-BF4B-00C04F79EFBC}") = "AspNetMvcWebApplicationGenerator.Configuration", "AspNetMvcWebApplicationGenerator.Configuration\AspNetMvcWebApplicationGenerator.Configuration.csproj", "{EE55FB45-ABD2-4D68-936B-ABCCDBD23312}"
EndProject
Project("{FAE04EC0-301F-11D3-BF4B-00C04F79EFBC}") = "AspNetMvcWebApplicationGenerator.Instance", "AspNetMvcWebApplicationGenerator.Instantiate\AspNetMvcWebApplicationGenerator.Instance.csproj", "{75659108-D832-402D-933D-CF13B905B0AB}"
EndProject
Project("{FAE04EC0-301F-11D3-BF4B-00C04F79EFBC}") = "AspNetMvcWebApplicationGenerator.Generators", "AspNetMvcWebApplicationGenerator.Generators\AspNetMvcWebApplicationGenerator.Generators.csproj", "{BA81F411-AC4A-411C-8A38-1C506457FC0C}"
EndProject
Project("{FAE04EC0-301F-11D3-BF4B-00C04F79EFBC}") = "AspNetMvcWebApplicationGenerator.Program", "AspNetMvcWebApplicationGenerator.Program\AspNetMvcWebApplicationGenerator.Program.csproj", "{FC26514C-A7E7-4F6A-A097-BFCF8E78E14E}"
EndProject
Project("{2150E333-8FDC-42A3-9474-1A3956D46DE8}") = "WebAppExample", "WebAppExample", "{EBB9A58D-8C14-4EB2-A507-641E7E3A12FD}"
EndProject
Project("{2150E333-8FDC-42A3-9474-1A3956D46DE8}") = "DataLayer", "DataLayer", "{EB92780E-AFBC-4274-B692-41577C168BAC}"
EndProject
Project("{2150E333-8FDC-42A3-9474-1A3956D46DE8}") = "DataAccessLayer", "DataAccessLayer", "{BF9FD54A-20BD-485D-BAE8-5032DD4B237A}"
EndProject
Project("{2150E333-8FDC-42A3-9474-1A3956D46DE8}") = "BusinessLogicLayer", "BusinessLogicLayer", "{1F2DF8BA-CED1-47F4-897D-DAAB5E410F3D}"
EndProject
Project("{2150E333-8FDC-42A3-9474-1A3956D46DE8}") = "DataTransferObjects", "DataTransferObjects", "{B2F2BCCE-F542-4D17-9B5B-473D875BF24C}"
EndProject
Project("{2150E333-8FDC-42A3-9474-1A3956D46DE8}") = "WebServicesLayer", "WebServicesLayer", "{0B21CBE3-BA0F-448C-9E50-ECC9E6DEE1C4}"
EndProject
Project("{2150E333-8FDC-42A3-9474-1A3956D46DE8}") = "WebServicesClientsLayer", "WebServicesClientsLayer", "{4047F0DD-3D1D-4199-9CB4-7C911A2DF6F3}"
EndProject
Project("{2150E333-8FDC-42A3-9474-1A3956D46DE8}") = "WebUserInterfaceLayer", "WebUserInterfaceLayer", "{32A533C1-BB78-42A2-98B9-9FC14CF742A6}"
EndProject
Project("{2150E333-8FDC-42A3-9474-1A3956D46DE8}") = "Common", "Common", "{7D66375A-0CE2-4DB3-BE6F-87E951E2F3BF}"
EndProject
Project("{2150E333-8FDC-42A3-9474-1A3956D46DE8}") = "DataLayer", "DataLayer", "{AD227A27-240A-4C5C-95DB-052FEA2E7405}"
EndProject
Project("{2150E333-8FDC-42A3-9474-1A3956D46DE8}") = "DataAccessLayer", "DataAccessLayer", "{52D29DB0-6AF9-438E-B43C-4C2F1F352DD3}"
EndProject
Project("{2150E333-8FDC-42A3-9474-1A3956D46DE8}") = "BusinessLayer", "BusinessLayer", "{52DD6612-7D34-4ABE-82F7-9F1744D534ED}"
EndProject
Project("{2150E333-8FDC-42A3-9474-1A3956D46DE8}") = "DataTransferObjects", "DataTransferObjects", "{AF784ACF-BEB6-4D73-9778-2E715F91BF6A}"
EndProject
Project("{2150E333-8FDC-42A3-9474-1A3956D46DE8}") = "WebServiceClient", "WebServiceClient", "{BF993828-7894-4EC6-B306-A0B8DF31DC32}"
EndProject
Project("{2150E333-8FDC-42A3-9474-1A3956D46DE8}") = "WebServiceLayer", "WebServiceLayer", "{179A1D68-F1A8-477E-A2BA-5CAAFDBBDA71}"
EndProject
Project("{2150E333-8FDC-42A3-9474-1A3956D46DE8}") = "WebUserInterface_Controller", "WebUserInterface_Controller", "{805E682D-00BE-41FE-A051-1F5B0D9DD4C2}"
EndProject
Project("{2150E333-8FDC-42A3-9474-1A3956D46DE8}") = "WebUserInterface_Model", "WebUserInterface_Model", "{5E45A537-1CF0-4A39-9A6E-6C85BF01056D}"
EndProject
Project("{2150E333-8FDC-42A3-9474-1A3956D46DE8}") = "WebUserInterface_View", "WebUserInterface_View", "{B6A977B6-B1AE-4C23-8FF3-CF95F789EDD6}"
EndProject
Project("{FAE04EC0-301F-11D3-BF4B-00C04F79EFBC}") = "ApplicationId", "Common\DataTransferObjects\ApplicationId\ApplicationId.csproj", "{77CDC16F-2104-4655-B14B-674227086B5E}"
EndProject
Project("{FAE04EC0-301F-11D3-BF4B-00C04F79EFBC}") = "Authentication", "Common\DataTransferObjects\Authentication\Authentication.csproj", "{F9D8354D-0376-46AD-BCDA-B2FFE7B79E04}"
EndProject
Project("{FAE04EC0-301F-11D3-BF4B-00C04F79EFBC}") = "Authorization", "Common\DataTransferObjects\Authorization\Authorization.csproj", "{E47BD783-815E-4594-882E-CB257148615F}"
EndProject
Project("{FAE04EC0-301F-11D3-BF4B-00C04F79EFBC}") = "DirLangStrings", "Common\DataTransferObjects\DirLangStrings\DirLangStrings.csproj", "{11286873-8CA2-45C6-B75F-04C150ADBF08}"
EndProject
Project("{FAE04EC0-301F-11D3-BF4B-00C04F79EFBC}") = "Logging", "Common\DataTransferObjects\Logging\Logging.csproj", "{82824B19-053E-4436-B548-0D1FD1105C28}"
EndProject
Project("{00D1A9C2-B5F0-4AF3-8072-F6C62B433612}") = "DirLangStrings", "Common\DataLayer\DirLangStrings\DirLangStrings.sqlproj", "{E0BD6400-EBB1-4F0A-98D1-FCDBBC957539}"
EndProject
Project("{00D1A9C2-B5F0-4AF3-8072-F6C62B433612}") = "Engine", "WebAppExample\DataLayer\Engine\Engine.sqlproj", "{58881E15-D701-413C-A086-93D477FE4895}"
EndProject
Project("{FAE04EC0-301F-11D3-BF4B-00C04F79EFBC}") = "Engine", "WebAppExample\DataAccessLayer\Engine\Engine.csproj", "{CDF75816-0AF4-471F-9519-C2089DDA993F}"
EndProject
Project("{FAE04EC0-301F-11D3-BF4B-00C04F79EFBC}") = "DirLangStrings", "Common\DataAccessLayer\DirLangStrings\DirLangStrings.csproj", "{AD10124D-2E20-42E9-914C-B47D88031B80}"
EndProject
Global
	GlobalSection(SolutionConfigurationPlatforms) = preSolution
		Debug|Any CPU = Debug|Any CPU
		Release|Any CPU = Release|Any CPU
	EndGlobalSection
	GlobalSection(ProjectConfigurationPlatforms) = postSolution
		{EE55FB45-ABD2-4D68-936B-ABCCDBD23312}.Debug|Any CPU.ActiveCfg = Debug|Any CPU
		{EE55FB45-ABD2-4D68-936B-ABCCDBD23312}.Debug|Any CPU.Build.0 = Debug|Any CPU
		{EE55FB45-ABD2-4D68-936B-ABCCDBD23312}.Release|Any CPU.ActiveCfg = Release|Any CPU
		{EE55FB45-ABD2-4D68-936B-ABCCDBD23312}.Release|Any CPU.Build.0 = Release|Any CPU
		{75659108-D832-402D-933D-CF13B905B0AB}.Debug|Any CPU.ActiveCfg = Debug|Any CPU
		{75659108-D832-402D-933D-CF13B905B0AB}.Debug|Any CPU.Build.0 = Debug|Any CPU
		{75659108-D832-402D-933D-CF13B905B0AB}.Release|Any CPU.ActiveCfg = Release|Any CPU
		{75659108-D832-402D-933D-CF13B905B0AB}.Release|Any CPU.Build.0 = Release|Any CPU
		{BA81F411-AC4A-411C-8A38-1C506457FC0C}.Debug|Any CPU.ActiveCfg = Debug|Any CPU
		{BA81F411-AC4A-411C-8A38-1C506457FC0C}.Debug|Any CPU.Build.0 = Debug|Any CPU
		{BA81F411-AC4A-411C-8A38-1C506457FC0C}.Release|Any CPU.ActiveCfg = Release|Any CPU
		{BA81F411-AC4A-411C-8A38-1C506457FC0C}.Release|Any CPU.Build.0 = Release|Any CPU
		{FC26514C-A7E7-4F6A-A097-BFCF8E78E14E}.Debug|Any CPU.ActiveCfg = Debug|Any CPU
		{FC26514C-A7E7-4F6A-A097-BFCF8E78E14E}.Debug|Any CPU.Build.0 = Debug|Any CPU
		{FC26514C-A7E7-4F6A-A097-BFCF8E78E14E}.Release|Any CPU.ActiveCfg = Release|Any CPU
		{FC26514C-A7E7-4F6A-A097-BFCF8E78E14E}.Release|Any CPU.Build.0 = Release|Any CPU
		{77CDC16F-2104-4655-B14B-674227086B5E}.Debug|Any CPU.ActiveCfg = Debug|Any CPU
		{77CDC16F-2104-4655-B14B-674227086B5E}.Debug|Any CPU.Build.0 = Debug|Any CPU
		{77CDC16F-2104-4655-B14B-674227086B5E}.Release|Any CPU.ActiveCfg = Release|Any CPU
		{77CDC16F-2104-4655-B14B-674227086B5E}.Release|Any CPU.Build.0 = Release|Any CPU
		{F9D8354D-0376-46AD-BCDA-B2FFE7B79E04}.Debug|Any CPU.ActiveCfg = Debug|Any CPU
		{F9D8354D-0376-46AD-BCDA-B2FFE7B79E04}.Debug|Any CPU.Build.0 = Debug|Any CPU
		{F9D8354D-0376-46AD-BCDA-B2FFE7B79E04}.Release|Any CPU.ActiveCfg = Release|Any CPU
		{F9D8354D-0376-46AD-BCDA-B2FFE7B79E04}.Release|Any CPU.Build.0 = Release|Any CPU
		{E47BD783-815E-4594-882E-CB257148615F}.Debug|Any CPU.ActiveCfg = Debug|Any CPU
		{E47BD783-815E-4594-882E-CB257148615F}.Debug|Any CPU.Build.0 = Debug|Any CPU
		{E47BD783-815E-4594-882E-CB257148615F}.Release|Any CPU.ActiveCfg = Release|Any CPU
		{E47BD783-815E-4594-882E-CB257148615F}.Release|Any CPU.Build.0 = Release|Any CPU
		{11286873-8CA2-45C6-B75F-04C150ADBF08}.Debug|Any CPU.ActiveCfg = Debug|Any CPU
		{11286873-8CA2-45C6-B75F-04C150ADBF08}.Debug|Any CPU.Build.0 = Debug|Any CPU
		{11286873-8CA2-45C6-B75F-04C150ADBF08}.Release|Any CPU.ActiveCfg = Release|Any CPU
		{11286873-8CA2-45C6-B75F-04C150ADBF08}.Release|Any CPU.Build.0 = Release|Any CPU
		{82824B19-053E-4436-B548-0D1FD1105C28}.Debug|Any CPU.ActiveCfg = Debug|Any CPU
		{82824B19-053E-4436-B548-0D1FD1105C28}.Debug|Any CPU.Build.0 = Debug|Any CPU
		{82824B19-053E-4436-B548-0D1FD1105C28}.Release|Any CPU.ActiveCfg = Release|Any CPU
		{82824B19-053E-4436-B548-0D1FD1105C28}.Release|Any CPU.Build.0 = Release|Any CPU
		{E0BD6400-EBB1-4F0A-98D1-FCDBBC957539}.Debug|Any CPU.ActiveCfg = Debug|Any CPU
		{E0BD6400-EBB1-4F0A-98D1-FCDBBC957539}.Debug|Any CPU.Build.0 = Debug|Any CPU
		{E0BD6400-EBB1-4F0A-98D1-FCDBBC957539}.Debug|Any CPU.Deploy.0 = Debug|Any CPU
		{E0BD6400-EBB1-4F0A-98D1-FCDBBC957539}.Release|Any CPU.ActiveCfg = Release|Any CPU
		{E0BD6400-EBB1-4F0A-98D1-FCDBBC957539}.Release|Any CPU.Build.0 = Release|Any CPU
		{E0BD6400-EBB1-4F0A-98D1-FCDBBC957539}.Release|Any CPU.Deploy.0 = Release|Any CPU
		{58881E15-D701-413C-A086-93D477FE4895}.Debug|Any CPU.ActiveCfg = Debug|Any CPU
		{58881E15-D701-413C-A086-93D477FE4895}.Debug|Any CPU.Build.0 = Debug|Any CPU
		{58881E15-D701-413C-A086-93D477FE4895}.Debug|Any CPU.Deploy.0 = Debug|Any CPU
		{58881E15-D701-413C-A086-93D477FE4895}.Release|Any CPU.ActiveCfg = Release|Any CPU
		{58881E15-D701-413C-A086-93D477FE4895}.Release|Any CPU.Build.0 = Release|Any CPU
		{58881E15-D701-413C-A086-93D477FE4895}.Release|Any CPU.Deploy.0 = Release|Any CPU
		{CDF75816-0AF4-471F-9519-C2089DDA993F}.Debug|Any CPU.ActiveCfg = Debug|Any CPU
		{CDF75816-0AF4-471F-9519-C2089DDA993F}.Debug|Any CPU.Build.0 = Debug|Any CPU
		{CDF75816-0AF4-471F-9519-C2089DDA993F}.Release|Any CPU.ActiveCfg = Release|Any CPU
		{CDF75816-0AF4-471F-9519-C2089DDA993F}.Release|Any CPU.Build.0 = Release|Any CPU
		{AD10124D-2E20-42E9-914C-B47D88031B80}.Debug|Any CPU.ActiveCfg = Debug|Any CPU
		{AD10124D-2E20-42E9-914C-B47D88031B80}.Debug|Any CPU.Build.0 = Debug|Any CPU
		{AD10124D-2E20-42E9-914C-B47D88031B80}.Release|Any CPU.ActiveCfg = Release|Any CPU
		{AD10124D-2E20-42E9-914C-B47D88031B80}.Release|Any CPU.Build.0 = Release|Any CPU
	EndGlobalSection
	GlobalSection(SolutionProperties) = preSolution
		HideSolutionNode = FALSE
	EndGlobalSection
	GlobalSection(NestedProjects) = preSolution
		{EB92780E-AFBC-4274-B692-41577C168BAC} = {EBB9A58D-8C14-4EB2-A507-641E7E3A12FD}
		{BF9FD54A-20BD-485D-BAE8-5032DD4B237A} = {EBB9A58D-8C14-4EB2-A507-641E7E3A12FD}
		{1F2DF8BA-CED1-47F4-897D-DAAB5E410F3D} = {EBB9A58D-8C14-4EB2-A507-641E7E3A12FD}
		{B2F2BCCE-F542-4D17-9B5B-473D875BF24C} = {EBB9A58D-8C14-4EB2-A507-641E7E3A12FD}
		{0B21CBE3-BA0F-448C-9E50-ECC9E6DEE1C4} = {EBB9A58D-8C14-4EB2-A507-641E7E3A12FD}
		{4047F0DD-3D1D-4199-9CB4-7C911A2DF6F3} = {EBB9A58D-8C14-4EB2-A507-641E7E3A12FD}
		{32A533C1-BB78-42A2-98B9-9FC14CF742A6} = {EBB9A58D-8C14-4EB2-A507-641E7E3A12FD}
		{AD227A27-240A-4C5C-95DB-052FEA2E7405} = {7D66375A-0CE2-4DB3-BE6F-87E951E2F3BF}
		{52D29DB0-6AF9-438E-B43C-4C2F1F352DD3} = {7D66375A-0CE2-4DB3-BE6F-87E951E2F3BF}
		{52DD6612-7D34-4ABE-82F7-9F1744D534ED} = {7D66375A-0CE2-4DB3-BE6F-87E951E2F3BF}
		{AF784ACF-BEB6-4D73-9778-2E715F91BF6A} = {7D66375A-0CE2-4DB3-BE6F-87E951E2F3BF}
		{BF993828-7894-4EC6-B306-A0B8DF31DC32} = {7D66375A-0CE2-4DB3-BE6F-87E951E2F3BF}
		{179A1D68-F1A8-477E-A2BA-5CAAFDBBDA71} = {7D66375A-0CE2-4DB3-BE6F-87E951E2F3BF}
		{805E682D-00BE-41FE-A051-1F5B0D9DD4C2} = {7D66375A-0CE2-4DB3-BE6F-87E951E2F3BF}
		{5E45A537-1CF0-4A39-9A6E-6C85BF01056D} = {7D66375A-0CE2-4DB3-BE6F-87E951E2F3BF}
		{B6A977B6-B1AE-4C23-8FF3-CF95F789EDD6} = {7D66375A-0CE2-4DB3-BE6F-87E951E2F3BF}
		{77CDC16F-2104-4655-B14B-674227086B5E} = {AF784ACF-BEB6-4D73-9778-2E715F91BF6A}
		{F9D8354D-0376-46AD-BCDA-B2FFE7B79E04} = {AF784ACF-BEB6-4D73-9778-2E715F91BF6A}
		{E47BD783-815E-4594-882E-CB257148615F} = {AF784ACF-BEB6-4D73-9778-2E715F91BF6A}
		{11286873-8CA2-45C6-B75F-04C150ADBF08} = {AF784ACF-BEB6-4D73-9778-2E715F91BF6A}
		{82824B19-053E-4436-B548-0D1FD1105C28} = {AF784ACF-BEB6-4D73-9778-2E715F91BF6A}
		{E0BD6400-EBB1-4F0A-98D1-FCDBBC957539} = {AD227A27-240A-4C5C-95DB-052FEA2E7405}
		{58881E15-D701-413C-A086-93D477FE4895} = {EB92780E-AFBC-4274-B692-41577C168BAC}
		{CDF75816-0AF4-471F-9519-C2089DDA993F} = {BF9FD54A-20BD-485D-BAE8-5032DD4B237A}
		{AD10124D-2E20-42E9-914C-B47D88031B80} = {52D29DB0-6AF9-438E-B43C-4C2F1F352DD3}
	EndGlobalSection
	GlobalSection(ExtensibilityGlobals) = postSolution
		SolutionGuid = {30210D04-884E-4B79-ADAA-6998C63EB5FC}
	EndGlobalSection
EndGlobal
